
Microsoft Visual Studio Solution File, Format Version 12.00
# Visual Studio Version 17
VisualStudioVersion = 17.9.34902.65
MinimumVisualStudioVersion = 10.0.40219.1
Project("{9A19103F-16F7-4668-BE54-9A1E7A4F7556}") = "DotNetBasicLessons", "DotNetBasicLessons\DotNetBasicLessons.csproj", "{F61EA4B7-8F57-4E79-A9EE-B9F79081A18C}"
EndProject
Project("{9A19103F-16F7-4668-BE54-9A1E7A4F7556}") = "Homework_1", "Homework_1\Homework_1.csproj", "{D4BCA8C5-1896-40F5-A3BA-39A4104B01DA}"
EndProject
Project("{9A19103F-16F7-4668-BE54-9A1E7A4F7556}") = "Homework_2", "Homework_2\Homework_2.csproj", "{0710CE99-8247-477A-9109-A567DD6EB3DE}"
EndProject
Project("{9A19103F-16F7-4668-BE54-9A1E7A4F7556}") = "Homework_3", "Homework_3\Homework_3.csproj", "{9B6CBEBA-4962-45EC-88F2-62306C1530B7}"
EndProject
Project("{9A19103F-16F7-4668-BE54-9A1E7A4F7556}") = "Homework_4", "Homework_4\Homework_4.csproj", "{6893A6CB-1933-4F09-B2FC-63759492E214}"
EndProject
Project("{9A19103F-16F7-4668-BE54-9A1E7A4F7556}") = "Homework_5", "Homework_5\Homework_5.csproj", "{A6CE8B1C-E0E8-4B9E-B8F1-83E386B89F03}"
EndProject
Project("{9A19103F-16F7-4668-BE54-9A1E7A4F7556}") = "Homework_6", "Homework_6\Homework_6.csproj", "{75F616CF-063F-456D-9E93-05C8ED11CE87}"
EndProject
Project("{9A19103F-16F7-4668-BE54-9A1E7A4F7556}") = "Homework_7", "Homework_7\Homework_7.csproj", "{DA5DC008-6146-47D9-89CA-75FD16FE0862}"
EndProject
Project("{9A19103F-16F7-4668-BE54-9A1E7A4F7556}") = "Homework_8", "Homework_8\Homework_8.csproj", "{D7FEBD21-F893-4FBB-8684-01012FCDDF5B}"
EndProject
Project("{9A19103F-16F7-4668-BE54-9A1E7A4F7556}") = "Homework_9", "Homework_9\Homework_9.csproj", "{6E0A54A0-E148-4E22-BAAB-7EC41433877F}"
EndProject
Project("{9A19103F-16F7-4668-BE54-9A1E7A4F7556}") = "Homework_10", "Homework_10\Homework_10.csproj", "{A34DAB2E-6AEF-4CC3-8231-92311B4A4073}"
EndProject
Project("{FAE04EC0-301F-11D3-BF4B-00C04F79EFBC}") = "Homework_11", "Homework_11\Homework_11.csproj", "{9BD92F5B-62DF-43A2-A779-4EBD553C4084}"
EndProject
Global
	GlobalSection(SolutionConfigurationPlatforms) = preSolution
		Debug|Any CPU = Debug|Any CPU
		Release|Any CPU = Release|Any CPU
	EndGlobalSection
	GlobalSection(ProjectConfigurationPlatforms) = postSolution
		{F61EA4B7-8F57-4E79-A9EE-B9F79081A18C}.Debug|Any CPU.ActiveCfg = Debug|Any CPU
		{F61EA4B7-8F57-4E79-A9EE-B9F79081A18C}.Debug|Any CPU.Build.0 = Debug|Any CPU
		{F61EA4B7-8F57-4E79-A9EE-B9F79081A18C}.Release|Any CPU.ActiveCfg = Release|Any CPU
		{F61EA4B7-8F57-4E79-A9EE-B9F79081A18C}.Release|Any CPU.Build.0 = Release|Any CPU
		{D4BCA8C5-1896-40F5-A3BA-39A4104B01DA}.Debug|Any CPU.ActiveCfg = Debug|Any CPU
		{D4BCA8C5-1896-40F5-A3BA-39A4104B01DA}.Debug|Any CPU.Build.0 = Debug|Any CPU
		{D4BCA8C5-1896-40F5-A3BA-39A4104B01DA}.Release|Any CPU.ActiveCfg = Release|Any CPU
		{D4BCA8C5-1896-40F5-A3BA-39A4104B01DA}.Release|Any CPU.Build.0 = Release|Any CPU
		{0710CE99-8247-477A-9109-A567DD6EB3DE}.Debug|Any CPU.ActiveCfg = Debug|Any CPU
		{0710CE99-8247-477A-9109-A567DD6EB3DE}.Debug|Any CPU.Build.0 = Debug|Any CPU
		{0710CE99-8247-477A-9109-A567DD6EB3DE}.Release|Any CPU.ActiveCfg = Release|Any CPU
		{0710CE99-8247-477A-9109-A567DD6EB3DE}.Release|Any CPU.Build.0 = Release|Any CPU
		{9B6CBEBA-4962-45EC-88F2-62306C1530B7}.Debug|Any CPU.ActiveCfg = Debug|Any CPU
		{9B6CBEBA-4962-45EC-88F2-62306C1530B7}.Debug|Any CPU.Build.0 = Debug|Any CPU
		{9B6CBEBA-4962-45EC-88F2-62306C1530B7}.Release|Any CPU.ActiveCfg = Release|Any CPU
		{9B6CBEBA-4962-45EC-88F2-62306C1530B7}.Release|Any CPU.Build.0 = Release|Any CPU
		{6893A6CB-1933-4F09-B2FC-63759492E214}.Debug|Any CPU.ActiveCfg = Debug|Any CPU
		{6893A6CB-1933-4F09-B2FC-63759492E214}.Debug|Any CPU.Build.0 = Debug|Any CPU
		{6893A6CB-1933-4F09-B2FC-63759492E214}.Release|Any CPU.ActiveCfg = Release|Any CPU
		{6893A6CB-1933-4F09-B2FC-63759492E214}.Release|Any CPU.Build.0 = Release|Any CPU
		{A6CE8B1C-E0E8-4B9E-B8F1-83E386B89F03}.Debug|Any CPU.ActiveCfg = Debug|Any CPU
		{A6CE8B1C-E0E8-4B9E-B8F1-83E386B89F03}.Debug|Any CPU.Build.0 = Debug|Any CPU
		{A6CE8B1C-E0E8-4B9E-B8F1-83E386B89F03}.Release|Any CPU.ActiveCfg = Release|Any CPU
		{A6CE8B1C-E0E8-4B9E-B8F1-83E386B89F03}.Release|Any CPU.Build.0 = Release|Any CPU
		{75F616CF-063F-456D-9E93-05C8ED11CE87}.Debug|Any CPU.ActiveCfg = Debug|Any CPU
		{75F616CF-063F-456D-9E93-05C8ED11CE87}.Debug|Any CPU.Build.0 = Debug|Any CPU
		{75F616CF-063F-456D-9E93-05C8ED11CE87}.Release|Any CPU.ActiveCfg = Release|Any CPU
		{75F616CF-063F-456D-9E93-05C8ED11CE87}.Release|Any CPU.Build.0 = Release|Any CPU
		{DA5DC008-6146-47D9-89CA-75FD16FE0862}.Debug|Any CPU.ActiveCfg = Debug|Any CPU
		{DA5DC008-6146-47D9-89CA-75FD16FE0862}.Debug|Any CPU.Build.0 = Debug|Any CPU
		{DA5DC008-6146-47D9-89CA-75FD16FE0862}.Release|Any CPU.ActiveCfg = Release|Any CPU
		{DA5DC008-6146-47D9-89CA-75FD16FE0862}.Release|Any CPU.Build.0 = Release|Any CPU
		{D7FEBD21-F893-4FBB-8684-01012FCDDF5B}.Debug|Any CPU.ActiveCfg = Debug|Any CPU
		{D7FEBD21-F893-4FBB-8684-01012FCDDF5B}.Debug|Any CPU.Build.0 = Debug|Any CPU
		{D7FEBD21-F893-4FBB-8684-01012FCDDF5B}.Release|Any CPU.ActiveCfg = Release|Any CPU
		{D7FEBD21-F893-4FBB-8684-01012FCDDF5B}.Release|Any CPU.Build.0 = Release|Any CPU
		{6E0A54A0-E148-4E22-BAAB-7EC41433877F}.Debug|Any CPU.ActiveCfg = Debug|Any CPU
		{6E0A54A0-E148-4E22-BAAB-7EC41433877F}.Debug|Any CPU.Build.0 = Debug|Any CPU
		{6E0A54A0-E148-4E22-BAAB-7EC41433877F}.Release|Any CPU.ActiveCfg = Release|Any CPU
		{6E0A54A0-E148-4E22-BAAB-7EC41433877F}.Release|Any CPU.Build.0 = Release|Any CPU
		{A34DAB2E-6AEF-4CC3-8231-92311B4A4073}.Debug|Any CPU.ActiveCfg = Debug|Any CPU
		{A34DAB2E-6AEF-4CC3-8231-92311B4A4073}.Debug|Any CPU.Build.0 = Debug|Any CPU
		{A34DAB2E-6AEF-4CC3-8231-92311B4A4073}.Release|Any CPU.ActiveCfg = Release|Any CPU
		{A34DAB2E-6AEF-4CC3-8231-92311B4A4073}.Release|Any CPU.Build.0 = Release|Any CPU
		{9BD92F5B-62DF-43A2-A779-4EBD553C4084}.Debug|Any CPU.ActiveCfg = Debug|Any CPU
		{9BD92F5B-62DF-43A2-A779-4EBD553C4084}.Debug|Any CPU.Build.0 = Debug|Any CPU
		{9BD92F5B-62DF-43A2-A779-4EBD553C4084}.Release|Any CPU.ActiveCfg = Release|Any CPU
		{9BD92F5B-62DF-43A2-A779-4EBD553C4084}.Release|Any CPU.Build.0 = Release|Any CPU
	EndGlobalSection
	GlobalSection(SolutionProperties) = preSolution
		HideSolutionNode = FALSE
	EndGlobalSection
	GlobalSection(ExtensibilityGlobals) = postSolution
		SolutionGuid = {A01D3E75-433A-4A47-B512-80CAFA58BC0E}
	EndGlobalSection
EndGlobal
